
Microsoft Visual Studio Solution File, Format Version 12.00
# Visual Studio Version 17
VisualStudioVersion = 17.7.34221.43
MinimumVisualStudioVersion = 10.0.40219.1
Project("{FAE04EC0-301F-11D3-BF4B-00C04F79EFBC}") = "Cronometro02", "Cronometro02\Cronometro02.csproj", "{73CE9509-D164-4EE2-8329-C3F52B8E0D56}"
EndProject
Global
	GlobalSection(SolutionConfigurationPlatforms) = preSolution
		Debug|Any CPU = Debug|Any CPU
		Release|Any CPU = Release|Any CPU
	EndGlobalSection
	GlobalSection(ProjectConfigurationPlatforms) = postSolution
		{73CE9509-D164-4EE2-8329-C3F52B8E0D56}.Debug|Any CPU.ActiveCfg = Debug|Any CPU
		{73CE9509-D164-4EE2-8329-C3F52B8E0D56}.Debug|Any CPU.Build.0 = Debug|Any CPU
		{73CE9509-D164-4EE2-8329-C3F52B8E0D56}.Release|Any CPU.ActiveCfg = Release|Any CPU
		{73CE9509-D164-4EE2-8329-C3F52B8E0D56}.Release|Any CPU.Build.0 = Release|Any CPU
	EndGlobalSection
	GlobalSection(SolutionProperties) = preSolution
		HideSolutionNode = FALSE
	EndGlobalSection
	GlobalSection(ExtensibilityGlobals) = postSolution
		SolutionGuid = {86490C3D-888C-465F-9E34-C3F1084E29EC}
	EndGlobalSection
EndGlobal
